
Microsoft Visual Studio Solution File, Format Version 12.00
# Visual Studio Version 16
VisualStudioVersion = 16.0.31424.327
MinimumVisualStudioVersion = 10.0.40219.1
Project("{8BC9CEB8-8B4A-11D0-8D11-00A0C91BC942}") = "Perseverance", "Perseverance\Perseverance.vcxproj", "{0AC078D2-AAB6-4095-8F0D-F8AC1256E65D}"
EndProject
Project("{8BC9CEB8-8B4A-11D0-8D11-00A0C91BC942}") = "concurrency", "concurrency\concurrency.vcxproj", "{685EEFE2-2DB6-49AA-A729-FFFF6E4D876C}"
EndProject
Project("{8BC9CEB8-8B4A-11D0-8D11-00A0C91BC942}") = "dp_s_proxy", "dp_s_proxy\dp_s_proxy.vcxproj", "{569C28B6-8709-4C43-8AC9-76652BE0CFDE}"
EndProject
Project("{8BC9CEB8-8B4A-11D0-8D11-00A0C91BC942}") = "dp_b_observer", "dp_b_observer\dp_b_observer.vcxproj", "{103D7AE0-C819-4599-A8D9-A848FAE0C985}"
EndProject
Project("{8BC9CEB8-8B4A-11D0-8D11-00A0C91BC942}") = "dp_s_adapter", "dp_s_adapter\dp_s_adapter.vcxproj", "{D7CF1E62-8F6D-4FB7-BD01-6810D820D348}"
EndProject
Project("{8BC9CEB8-8B4A-11D0-8D11-00A0C91BC942}") = "dp_s_decorator", "dp_s_decorator\dp_s_decorator.vcxproj", "{F8F7D84C-68C1-4FEB-AE0F-1D778D9272B3}"
EndProject
Global
	GlobalSection(SolutionConfigurationPlatforms) = preSolution
		Debug|x64 = Debug|x64
		Debug|x86 = Debug|x86
		Release|x64 = Release|x64
		Release|x86 = Release|x86
	EndGlobalSection
	GlobalSection(ProjectConfigurationPlatforms) = postSolution
		{0AC078D2-AAB6-4095-8F0D-F8AC1256E65D}.Debug|x64.ActiveCfg = Debug|x64
		{0AC078D2-AAB6-4095-8F0D-F8AC1256E65D}.Debug|x64.Build.0 = Debug|x64
		{0AC078D2-AAB6-4095-8F0D-F8AC1256E65D}.Debug|x86.ActiveCfg = Debug|Win32
		{0AC078D2-AAB6-4095-8F0D-F8AC1256E65D}.Debug|x86.Build.0 = Debug|Win32
		{0AC078D2-AAB6-4095-8F0D-F8AC1256E65D}.Release|x64.ActiveCfg = Release|x64
		{0AC078D2-AAB6-4095-8F0D-F8AC1256E65D}.Release|x64.Build.0 = Release|x64
		{0AC078D2-AAB6-4095-8F0D-F8AC1256E65D}.Release|x86.ActiveCfg = Release|Win32
		{0AC078D2-AAB6-4095-8F0D-F8AC1256E65D}.Release|x86.Build.0 = Release|Win32
		{685EEFE2-2DB6-49AA-A729-FFFF6E4D876C}.Debug|x64.ActiveCfg = Debug|x64
		{685EEFE2-2DB6-49AA-A729-FFFF6E4D876C}.Debug|x64.Build.0 = Debug|x64
		{685EEFE2-2DB6-49AA-A729-FFFF6E4D876C}.Debug|x86.ActiveCfg = Debug|Win32
		{685EEFE2-2DB6-49AA-A729-FFFF6E4D876C}.Debug|x86.Build.0 = Debug|Win32
		{685EEFE2-2DB6-49AA-A729-FFFF6E4D876C}.Release|x64.ActiveCfg = Release|x64
		{685EEFE2-2DB6-49AA-A729-FFFF6E4D876C}.Release|x64.Build.0 = Release|x64
		{685EEFE2-2DB6-49AA-A729-FFFF6E4D876C}.Release|x86.ActiveCfg = Release|Win32
		{685EEFE2-2DB6-49AA-A729-FFFF6E4D876C}.Release|x86.Build.0 = Release|Win32
		{569C28B6-8709-4C43-8AC9-76652BE0CFDE}.Debug|x64.ActiveCfg = Debug|x64
		{569C28B6-8709-4C43-8AC9-76652BE0CFDE}.Debug|x64.Build.0 = Debug|x64
		{569C28B6-8709-4C43-8AC9-76652BE0CFDE}.Debug|x86.ActiveCfg = Debug|Win32
		{569C28B6-8709-4C43-8AC9-76652BE0CFDE}.Debug|x86.Build.0 = Debug|Win32
		{569C28B6-8709-4C43-8AC9-76652BE0CFDE}.Release|x64.ActiveCfg = Release|x64
		{569C28B6-8709-4C43-8AC9-76652BE0CFDE}.Release|x64.Build.0 = Release|x64
		{569C28B6-8709-4C43-8AC9-76652BE0CFDE}.Release|x86.ActiveCfg = Release|Win32
		{569C28B6-8709-4C43-8AC9-76652BE0CFDE}.Release|x86.Build.0 = Release|Win32
		{103D7AE0-C819-4599-A8D9-A848FAE0C985}.Debug|x64.ActiveCfg = Debug|x64
		{103D7AE0-C819-4599-A8D9-A848FAE0C985}.Debug|x64.Build.0 = Debug|x64
		{103D7AE0-C819-4599-A8D9-A848FAE0C985}.Debug|x86.ActiveCfg = Debug|Win32
		{103D7AE0-C819-4599-A8D9-A848FAE0C985}.Debug|x86.Build.0 = Debug|Win32
		{103D7AE0-C819-4599-A8D9-A848FAE0C985}.Release|x64.ActiveCfg = Release|x64
		{103D7AE0-C819-4599-A8D9-A848FAE0C985}.Release|x64.Build.0 = Release|x64
		{103D7AE0-C819-4599-A8D9-A848FAE0C985}.Release|x86.ActiveCfg = Release|Win32
		{103D7AE0-C819-4599-A8D9-A848FAE0C985}.Release|x86.Build.0 = Release|Win32
		{D7CF1E62-8F6D-4FB7-BD01-6810D820D348}.Debug|x64.ActiveCfg = Debug|x64
		{D7CF1E62-8F6D-4FB7-BD01-6810D820D348}.Debug|x64.Build.0 = Debug|x64
		{D7CF1E62-8F6D-4FB7-BD01-6810D820D348}.Debug|x86.ActiveCfg = Debug|Win32
		{D7CF1E62-8F6D-4FB7-BD01-6810D820D348}.Debug|x86.Build.0 = Debug|Win32
		{D7CF1E62-8F6D-4FB7-BD01-6810D820D348}.Release|x64.ActiveCfg = Release|x64
		{D7CF1E62-8F6D-4FB7-BD01-6810D820D348}.Release|x64.Build.0 = Release|x64
		{D7CF1E62-8F6D-4FB7-BD01-6810D820D348}.Release|x86.ActiveCfg = Release|Win32
		{D7CF1E62-8F6D-4FB7-BD01-6810D820D348}.Release|x86.Build.0 = Release|Win32
		{F8F7D84C-68C1-4FEB-AE0F-1D778D9272B3}.Debug|x64.ActiveCfg = Debug|x64
		{F8F7D84C-68C1-4FEB-AE0F-1D778D9272B3}.Debug|x64.Build.0 = Debug|x64
		{F8F7D84C-68C1-4FEB-AE0F-1D778D9272B3}.Debug|x86.ActiveCfg = Debug|Win32
		{F8F7D84C-68C1-4FEB-AE0F-1D778D9272B3}.Debug|x86.Build.0 = Debug|Win32
		{F8F7D84C-68C1-4FEB-AE0F-1D778D9272B3}.Release|x64.ActiveCfg = Release|x64
		{F8F7D84C-68C1-4FEB-AE0F-1D778D9272B3}.Release|x64.Build.0 = Release|x64
		{F8F7D84C-68C1-4FEB-AE0F-1D778D9272B3}.Release|x86.ActiveCfg = Release|Win32
		{F8F7D84C-68C1-4FEB-AE0F-1D778D9272B3}.Release|x86.Build.0 = Release|Win32
	EndGlobalSection
	GlobalSection(SolutionProperties) = preSolution
		HideSolutionNode = FALSE
	EndGlobalSection
	GlobalSection(ExtensibilityGlobals) = postSolution
		SolutionGuid = {47604D70-6349-4180-B1AF-0807961D28F0}
	EndGlobalSection
EndGlobal
